
Microsoft Visual Studio Solution File, Format Version 12.00
# Visual Studio Version 17
VisualStudioVersion = 17.5.33414.496
MinimumVisualStudioVersion = 10.0.40219.1
Project("{FAE04EC0-301F-11D3-BF4B-00C04F79EFBC}") = "MyFirstGitMVCApp", "MyFirstGitMVCApp\MyFirstGitMVCApp.csproj", "{655A2D87-24CC-4DBC-AC3C-4637ED9A7172}"
EndProject
Global
	GlobalSection(SolutionConfigurationPlatforms) = preSolution
		Debug|Any CPU = Debug|Any CPU
		Release|Any CPU = Release|Any CPU
	EndGlobalSection
	GlobalSection(ProjectConfigurationPlatforms) = postSolution
		{655A2D87-24CC-4DBC-AC3C-4637ED9A7172}.Debug|Any CPU.ActiveCfg = Debug|Any CPU
		{655A2D87-24CC-4DBC-AC3C-4637ED9A7172}.Debug|Any CPU.Build.0 = Debug|Any CPU
		{655A2D87-24CC-4DBC-AC3C-4637ED9A7172}.Release|Any CPU.ActiveCfg = Release|Any CPU
		{655A2D87-24CC-4DBC-AC3C-4637ED9A7172}.Release|Any CPU.Build.0 = Release|Any CPU
	EndGlobalSection
	GlobalSection(SolutionProperties) = preSolution
		HideSolutionNode = FALSE
	EndGlobalSection
	GlobalSection(ExtensibilityGlobals) = postSolution
		SolutionGuid = {1E93F954-8CEE-4F3A-8270-6F8A52D27653}
	EndGlobalSection
EndGlobal
